
Microsoft Visual Studio Solution File, Format Version 12.00
# Visual Studio Version 17
VisualStudioVersion = 17.8.34322.80
MinimumVisualStudioVersion = 10.0.40219.1
Project("{FAE04EC0-301F-11D3-BF4B-00C04F79EFBC}") = "ProjetoParaEstudo", "ProjetoParaEstudo\ProjetoParaEstudo.csproj", "{C2EBA74A-FA3B-43BE-A8FE-FE9239F94E50}"
EndProject
Project("{FAE04EC0-301F-11D3-BF4B-00C04F79EFBC}") = "ProjetoParaEstudo.Domain", "ProjetoParaEstudo.Domain\ProjetoParaEstudo.Domain.csproj", "{25415F68-E88B-4E4D-82BC-8DEECFDFEC8B}"
EndProject
Global
	GlobalSection(SolutionConfigurationPlatforms) = preSolution
		Debug|Any CPU = Debug|Any CPU
		Release|Any CPU = Release|Any CPU
	EndGlobalSection
	GlobalSection(ProjectConfigurationPlatforms) = postSolution
		{C2EBA74A-FA3B-43BE-A8FE-FE9239F94E50}.Debug|Any CPU.ActiveCfg = Debug|Any CPU
		{C2EBA74A-FA3B-43BE-A8FE-FE9239F94E50}.Debug|Any CPU.Build.0 = Debug|Any CPU
		{C2EBA74A-FA3B-43BE-A8FE-FE9239F94E50}.Release|Any CPU.ActiveCfg = Release|Any CPU
		{C2EBA74A-FA3B-43BE-A8FE-FE9239F94E50}.Release|Any CPU.Build.0 = Release|Any CPU
		{25415F68-E88B-4E4D-82BC-8DEECFDFEC8B}.Debug|Any CPU.ActiveCfg = Debug|Any CPU
		{25415F68-E88B-4E4D-82BC-8DEECFDFEC8B}.Debug|Any CPU.Build.0 = Debug|Any CPU
		{25415F68-E88B-4E4D-82BC-8DEECFDFEC8B}.Release|Any CPU.ActiveCfg = Release|Any CPU
		{25415F68-E88B-4E4D-82BC-8DEECFDFEC8B}.Release|Any CPU.Build.0 = Release|Any CPU
	EndGlobalSection
	GlobalSection(SolutionProperties) = preSolution
		HideSolutionNode = FALSE
	EndGlobalSection
	GlobalSection(ExtensibilityGlobals) = postSolution
		SolutionGuid = {3039A670-119F-4A1B-95F0-B9C4AEE624C3}
	EndGlobalSection
EndGlobal
